
Microsoft Visual Studio Solution File, Format Version 12.00
# Visual Studio Version 17
VisualStudioVersion = 17.7.34202.233
MinimumVisualStudioVersion = 10.0.40219.1
Project("{9A19103F-16F7-4668-BE54-9A1E7A4F7556}") = "Objectoid", "Objectoid\Objectoid.csproj", "{948A9F75-8267-4871-83BB-C4F50252AE5E}"
EndProject
Project("{2150E333-8FDC-42A3-9474-1A3956D46DE8}") = "Solution Items", "Solution Items", "{E3452BA3-8C08-4BA6-80B9-1A701792100A}"
	ProjectSection(SolutionItems) = preProject
		Directory.Build.props = Directory.Build.props
	EndProjectSection
EndProject
Project("{FAE04EC0-301F-11D3-BF4B-00C04F79EFBC}") = "test", "test\test.csproj", "{843AB9EF-5543-4B74-801D-809CFCD0FA9B}"
EndProject
Global
	GlobalSection(SolutionConfigurationPlatforms) = preSolution
		Debug|Any CPU = Debug|Any CPU
		Release|Any CPU = Release|Any CPU
	EndGlobalSection
	GlobalSection(ProjectConfigurationPlatforms) = postSolution
		{948A9F75-8267-4871-83BB-C4F50252AE5E}.Debug|Any CPU.ActiveCfg = Debug|Any CPU
		{948A9F75-8267-4871-83BB-C4F50252AE5E}.Debug|Any CPU.Build.0 = Debug|Any CPU
		{948A9F75-8267-4871-83BB-C4F50252AE5E}.Release|Any CPU.ActiveCfg = Release|Any CPU
		{948A9F75-8267-4871-83BB-C4F50252AE5E}.Release|Any CPU.Build.0 = Release|Any CPU
		{843AB9EF-5543-4B74-801D-809CFCD0FA9B}.Debug|Any CPU.ActiveCfg = Debug|Any CPU
		{843AB9EF-5543-4B74-801D-809CFCD0FA9B}.Debug|Any CPU.Build.0 = Debug|Any CPU
		{843AB9EF-5543-4B74-801D-809CFCD0FA9B}.Release|Any CPU.ActiveCfg = Release|Any CPU
		{843AB9EF-5543-4B74-801D-809CFCD0FA9B}.Release|Any CPU.Build.0 = Release|Any CPU
	EndGlobalSection
	GlobalSection(SolutionProperties) = preSolution
		HideSolutionNode = FALSE
	EndGlobalSection
	GlobalSection(ExtensibilityGlobals) = postSolution
		SolutionGuid = {DCF123E7-361C-43F4-89C5-57873FFA2206}
	EndGlobalSection
EndGlobal
